// !$*UTF8*$!
{
	archiveVersion = 1;
	classes = {
	};
	objectVersion = 50;
	objects = {

/* Begin PBXBuildFile section */
		F804007B230763610079ABE6 /* CoreDataStack.swift in Sources */ = {isa = PBXBuildFile; fileRef = F804007A230763610079ABE6 /* CoreDataStack.swift */; };
		F804007D230764D50079ABE6 /* SWAPICharacter+Convenience.swift in Sources */ = {isa = PBXBuildFile; fileRef = F804007C230764D50079ABE6 /* SWAPICharacter+Convenience.swift */; };
		F8040086230769580079ABE6 /* Star Wars MVVM demo.xcdatamodeld in Sources */ = {isa = PBXBuildFile; fileRef = F8040084230769580079ABE6 /* Star Wars MVVM demo.xcdatamodeld */; };
		F827B06D2303336500F9AA6A /* AppDelegate.swift in Sources */ = {isa = PBXBuildFile; fileRef = F827B06C2303336500F9AA6A /* AppDelegate.swift */; };
		F827B06F2303336600F9AA6A /* ViewController.swift in Sources */ = {isa = PBXBuildFile; fileRef = F827B06E2303336600F9AA6A /* ViewController.swift */; };
		F827B0722303336600F9AA6A /* Main.storyboard in Resources */ = {isa = PBXBuildFile; fileRef = F827B0702303336600F9AA6A /* Main.storyboard */; };
		F827B0742303336700F9AA6A /* Assets.xcassets in Resources */ = {isa = PBXBuildFile; fileRef = F827B0732303336700F9AA6A /* Assets.xcassets */; };
		F827B0772303336700F9AA6A /* LaunchScreen.storyboard in Resources */ = {isa = PBXBuildFile; fileRef = F827B0752303336700F9AA6A /* LaunchScreen.storyboard */; };
		F827B07F230333D000F9AA6A /* Character View Model.swift in Sources */ = {isa = PBXBuildFile; fileRef = F827B07E230333D000F9AA6A /* Character View Model.swift */; };
		F827B081230336CD00F9AA6A /* SWAPICharacter.swift in Sources */ = {isa = PBXBuildFile; fileRef = F827B080230336CD00F9AA6A /* SWAPICharacter.swift */; };
		F89AFED62304ECBE00BD2F4F /* CharacterTableViewController.swift in Sources */ = {isa = PBXBuildFile; fileRef = F89AFED52304ECBE00BD2F4F /* CharacterTableViewController.swift */; };
/* End PBXBuildFile section */

/* Begin PBXFileReference section */
		F804007A230763610079ABE6 /* CoreDataStack.swift */ = {isa = PBXFileReference; lastKnownFileType = sourcecode.swift; path = CoreDataStack.swift; sourceTree = "<group>"; };
		F804007C230764D50079ABE6 /* SWAPICharacter+Convenience.swift */ = {isa = PBXFileReference; lastKnownFileType = sourcecode.swift; path = "SWAPICharacter+Convenience.swift"; sourceTree = "<group>"; };
		F8040085230769580079ABE6 /* Star Wars MVVM demo.xcdatamodel */ = {isa = PBXFileReference; lastKnownFileType = wrapper.xcdatamodel; path = "Star Wars MVVM demo.xcdatamodel"; sourceTree = "<group>"; };
		F827B0692303336500F9AA6A /* Star Wars MVVM demo.app */ = {isa = PBXFileReference; explicitFileType = wrapper.application; includeInIndex = 0; path = "Star Wars MVVM demo.app"; sourceTree = BUILT_PRODUCTS_DIR; };
		F827B06C2303336500F9AA6A /* AppDelegate.swift */ = {isa = PBXFileReference; lastKnownFileType = sourcecode.swift; path = AppDelegate.swift; sourceTree = "<group>"; };
		F827B06E2303336600F9AA6A /* ViewController.swift */ = {isa = PBXFileReference; lastKnownFileType = sourcecode.swift; path = ViewController.swift; sourceTree = "<group>"; };
		F827B0712303336600F9AA6A /* Base */ = {isa = PBXFileReference; lastKnownFileType = file.storyboard; name = Base; path = Base.lproj/Main.storyboard; sourceTree = "<group>"; };
		F827B0732303336700F9AA6A /* Assets.xcassets */ = {isa = PBXFileReference; lastKnownFileType = folder.assetcatalog; path = Assets.xcassets; sourceTree = "<group>"; };
		F827B0762303336700F9AA6A /* Base */ = {isa = PBXFileReference; lastKnownFileType = file.storyboard; name = Base; path = Base.lproj/LaunchScreen.storyboard; sourceTree = "<group>"; };
		F827B0782303336700F9AA6A /* Info.plist */ = {isa = PBXFileReference; lastKnownFileType = text.plist.xml; path = Info.plist; sourceTree = "<group>"; };
		F827B07E230333D000F9AA6A /* Character View Model.swift */ = {isa = PBXFileReference; lastKnownFileType = sourcecode.swift; path = "Character View Model.swift"; sourceTree = "<group>"; };
		F827B080230336CD00F9AA6A /* SWAPICharacter.swift */ = {isa = PBXFileReference; lastKnownFileType = sourcecode.swift; path = SWAPICharacter.swift; sourceTree = "<group>"; };
		F89AFED52304ECBE00BD2F4F /* CharacterTableViewController.swift */ = {isa = PBXFileReference; lastKnownFileType = sourcecode.swift; path = CharacterTableViewController.swift; sourceTree = "<group>"; };
/* End PBXFileReference section */

/* Begin PBXFrameworksBuildPhase section */
		F827B0662303336500F9AA6A /* Frameworks */ = {
			isa = PBXFrameworksBuildPhase;
			buildActionMask = 2147483647;
			files = (
			);
			runOnlyForDeploymentPostprocessing = 0;
		};
/* End PBXFrameworksBuildPhase section */

/* Begin PBXGroup section */
		F80400762307631B0079ABE6 /* View Controllers */ = {
			isa = PBXGroup;
			children = (
				F827B06E2303336600F9AA6A /* ViewController.swift */,
				F89AFED52304ECBE00BD2F4F /* CharacterTableViewController.swift */,
			);
			path = "View Controllers";
			sourceTree = "<group>";
		};
		F80400772307632E0079ABE6 /* Models */ = {
			isa = PBXGroup;
			children = (
				F827B080230336CD00F9AA6A /* SWAPICharacter.swift */,
			);
			path = Models;
			sourceTree = "<group>";
		};
		F80400782307633A0079ABE6 /* ViewModels */ = {
			isa = PBXGroup;
			children = (
				F827B07E230333D000F9AA6A /* Character View Model.swift */,
			);
			path = ViewModels;
			sourceTree = "<group>";
		};
		F80400792307634E0079ABE6 /* Core Data */ = {
			isa = PBXGroup;
			children = (
				F804007A230763610079ABE6 /* CoreDataStack.swift */,
				F8040084230769580079ABE6 /* Star Wars MVVM demo.xcdatamodeld */,
				F804007C230764D50079ABE6 /* SWAPICharacter+Convenience.swift */,
			);
			path = "Core Data";
			sourceTree = "<group>";
		};
		F827B0602303336500F9AA6A = {
			isa = PBXGroup;
			children = (
				F827B06B2303336500F9AA6A /* Star Wars MVVM demo */,
				F827B06A2303336500F9AA6A /* Products */,
			);
			sourceTree = "<group>";
		};
		F827B06A2303336500F9AA6A /* Products */ = {
			isa = PBXGroup;
			children = (
				F827B0692303336500F9AA6A /* Star Wars MVVM demo.app */,
			);
			name = Products;
			sourceTree = "<group>";
		};
		F827B06B2303336500F9AA6A /* Star Wars MVVM demo */ = {
			isa = PBXGroup;
			children = (
				F827B06C2303336500F9AA6A /* AppDelegate.swift */,
				F80400772307632E0079ABE6 /* Models */,
				F80400792307634E0079ABE6 /* Core Data */,
				F80400782307633A0079ABE6 /* ViewModels */,
				F80400762307631B0079ABE6 /* View Controllers */,
				F827B0702303336600F9AA6A /* Main.storyboard */,
				F827B0732303336700F9AA6A /* Assets.xcassets */,
				F827B0752303336700F9AA6A /* LaunchScreen.storyboard */,
				F827B0782303336700F9AA6A /* Info.plist */,
			);
			path = "Star Wars MVVM demo";
			sourceTree = "<group>";
		};
/* End PBXGroup section */

/* Begin PBXNativeTarget section */
		F827B0682303336500F9AA6A /* Star Wars MVVM demo */ = {
			isa = PBXNativeTarget;
			buildConfigurationList = F827B07B2303336700F9AA6A /* Build configuration list for PBXNativeTarget "Star Wars MVVM demo" */;
			buildPhases = (
				F827B0652303336500F9AA6A /* Sources */,
				F827B0662303336500F9AA6A /* Frameworks */,
				F827B0672303336500F9AA6A /* Resources */,
			);
			buildRules = (
			);
			dependencies = (
			);
			name = "Star Wars MVVM demo";
			productName = "Star Wars MVVM demo";
			productReference = F827B0692303336500F9AA6A /* Star Wars MVVM demo.app */;
			productType = "com.apple.product-type.application";
		};
/* End PBXNativeTarget section */

/* Begin PBXProject section */
		F827B0612303336500F9AA6A /* Project object */ = {
			isa = PBXProject;
			attributes = {
				LastSwiftUpdateCheck = 1030;
				LastUpgradeCheck = 1030;
				ORGANIZATIONNAME = "Jonathan T. Miles";
				TargetAttributes = {
					F827B0682303336500F9AA6A = {
						CreatedOnToolsVersion = 10.3;
					};
				};
			};
			buildConfigurationList = F827B0642303336500F9AA6A /* Build configuration list for PBXProject "Star Wars MVVM demo" */;
			compatibilityVersion = "Xcode 9.3";
			developmentRegion = en;
			hasScannedForEncodings = 0;
			knownRegions = (
				en,
				Base,
			);
			mainGroup = F827B0602303336500F9AA6A;
			productRefGroup = F827B06A2303336500F9AA6A /* Products */;
			projectDirPath = "";
			projectRoot = "";
			targets = (
				F827B0682303336500F9AA6A /* Star Wars MVVM demo */,
			);
		};
/* End PBXProject section */

/* Begin PBXResourcesBuildPhase section */
		F827B0672303336500F9AA6A /* Resources */ = {
			isa = PBXResourcesBuildPhase;
			buildActionMask = 2147483647;
			files = (
				F827B0772303336700F9AA6A /* LaunchScreen.storyboard in Resources */,
				F827B0742303336700F9AA6A /* Assets.xcassets in Resources */,
				F827B0722303336600F9AA6A /* Main.storyboard in Resources */,
			);
			runOnlyForDeploymentPostprocessing = 0;
		};
/* End PBXResourcesBuildPhase section */

/* Begin PBXSourcesBuildPhase section */
		F827B0652303336500F9AA6A /* Sources */ = {
			isa = PBXSourcesBuildPhase;
			buildActionMask = 2147483647;
			files = (
				F827B081230336CD00F9AA6A /* SWAPICharacter.swift in Sources */,
				F89AFED62304ECBE00BD2F4F /* CharacterTableViewController.swift in Sources */,
				F827B06F2303336600F9AA6A /* ViewController.swift in Sources */,
				F804007B230763610079ABE6 /* CoreDataStack.swift in Sources */,
				F8040086230769580079ABE6 /* Star Wars MVVM demo.xcdatamodeld in Sources */,
				F827B07F230333D000F9AA6A /* Character View Model.swift in Sources */,
				F827B06D2303336500F9AA6A /* AppDelegate.swift in Sources */,
				F804007D230764D50079ABE6 /* SWAPICharacter+Convenience.swift in Sources */,
			);
			runOnlyForDeploymentPostprocessing = 0;
		};
/* End PBXSourcesBuildPhase section */

/* Begin PBXVariantGroup section */
		F827B0702303336600F9AA6A /* Main.storyboard */ = {
			isa = PBXVariantGroup;
			children = (
				F827B0712303336600F9AA6A /* Base */,
			);
			name = Main.storyboard;
			sourceTree = "<group>";
		};
		F827B0752303336700F9AA6A /* LaunchScreen.storyboard */ = {
			isa = PBXVariantGroup;
			children = (
				F827B0762303336700F9AA6A /* Base */,
			);
			name = LaunchScreen.storyboard;
			sourceTree = "<group>";
		};
/* End PBXVariantGroup section */

/* Begin XCBuildConfiguration section */
		F827B0792303336700F9AA6A /* Debug */ = {
			isa = XCBuildConfiguration;
			buildSettings = {
				ALWAYS_SEARCH_USER_PATHS = NO;
				CLANG_ANALYZER_NONNULL = YES;
				CLANG_ANALYZER_NUMBER_OBJECT_CONVERSION = YES_AGGRESSIVE;
				CLANG_CXX_LANGUAGE_STANDARD = "gnu++14";
				CLANG_CXX_LIBRARY = "libc++";
				CLANG_ENABLE_MODULES = YES;
				CLANG_ENABLE_OBJC_ARC = YES;
				CLANG_ENABLE_OBJC_WEAK = YES;
				CLANG_WARN_BLOCK_CAPTURE_AUTORELEASING = YES;
				CLANG_WARN_BOOL_CONVERSION = YES;
				CLANG_WARN_COMMA = YES;
				CLANG_WARN_CONSTANT_CONVERSION = YES;
				CLANG_WARN_DEPRECATED_OBJC_IMPLEMENTATIONS = YES;
				CLANG_WARN_DIRECT_OBJC_ISA_USAGE = YES_ERROR;
				CLANG_WARN_DOCUMENTATION_COMMENTS = YES;
				CLANG_WARN_EMPTY_BODY = YES;
				CLANG_WARN_ENUM_CONVERSION = YES;
				CLANG_WARN_INFINITE_RECURSION = YES;
				CLANG_WARN_INT_CONVERSION = YES;
				CLANG_WARN_NON_LITERAL_NULL_CONVERSION = YES;
				CLANG_WARN_OBJC_IMPLICIT_RETAIN_SELF = YES;
				CLANG_WARN_OBJC_LITERAL_CONVERSION = YES;
				CLANG_WARN_OBJC_ROOT_CLASS = YES_ERROR;
				CLANG_WARN_RANGE_LOOP_ANALYSIS = YES;
				CLANG_WARN_STRICT_PROTOTYPES = YES;
				CLANG_WARN_SUSPICIOUS_MOVE = YES;
				CLANG_WARN_UNGUARDED_AVAILABILITY = YES_AGGRESSIVE;
				CLANG_WARN_UNREACHABLE_CODE = YES;
				CLANG_WARN__DUPLICATE_METHOD_MATCH = YES;
				CODE_SIGN_IDENTITY = "iPhone Developer";
				COPY_PHASE_STRIP = NO;
				DEBUG_INFORMATION_FORMAT = dwarf;
				ENABLE_STRICT_OBJC_MSGSEND = YES;
				ENABLE_TESTABILITY = YES;
				GCC_C_LANGUAGE_STANDARD = gnu11;
				GCC_DYNAMIC_NO_PIC = NO;
				GCC_NO_COMMON_BLOCKS = YES;
				GCC_OPTIMIZATION_LEVEL = 0;
				GCC_PREPROCESSOR_DEFINITIONS = (
					"DEBUG=1",
					"$(inherited)",
				);
				GCC_WARN_64_TO_32_BIT_CONVERSION = YES;
				GCC_WARN_ABOUT_RETURN_TYPE = YES_ERROR;
				GCC_WARN_UNDECLARED_SELECTOR = YES;
				GCC_WARN_UNINITIALIZED_AUTOS = YES_AGGRESSIVE;
				GCC_WARN_UNUSED_FUNCTION = YES;
				GCC_WARN_UNUSED_VARIABLE = YES;
				IPHONEOS_DEPLOYMENT_TARGET = 12.4;
				MTL_ENABLE_DEBUG_INFO = INCLUDE_SOURCE;
				MTL_FAST_MATH = YES;
				ONLY_ACTIVE_ARCH = YES;
				SDKROOT = iphoneos;
				SWIFT_ACTIVE_COMPILATION_CONDITIONS = DEBUG;
				SWIFT_OPTIMIZATION_LEVEL = "-Onone";
			};
			name = Debug;
		};
		F827B07A2303336700F9AA6A /* Release */ = {
			isa = XCBuildConfiguration;
			buildSettings = {
				ALWAYS_SEARCH_USER_PATHS = NO;
				CLANG_ANALYZER_NONNULL = YES;
				CLANG_ANALYZER_NUMBER_OBJECT_CONVERSION = YES_AGGRESSIVE;
				CLANG_CXX_LANGUAGE_STANDARD = "gnu++14";
				CLANG_CXX_LIBRARY = "libc++";
				CLANG_ENABLE_MODULES = YES;
				CLANG_ENABLE_OBJC_ARC = YES;
				CLANG_ENABLE_OBJC_WEAK = YES;
				CLANG_WARN_BLOCK_CAPTURE_AUTORELEASING = YES;
				CLANG_WARN_BOOL_CONVERSION = YES;
				CLANG_WARN_COMMA = YES;
				CLANG_WARN_CONSTANT_CONVERSION = YES;
				CLANG_WARN_DEPRECATED_OBJC_IMPLEMENTATIONS = YES;
				CLANG_WARN_DIRECT_OBJC_ISA_USAGE = YES_ERROR;
				CLANG_WARN_DOCUMENTATION_COMMENTS = YES;
				CLANG_WARN_EMPTY_BODY = YES;
				CLANG_WARN_ENUM_CONVERSION = YES;
				CLANG_WARN_INFINITE_RECURSION = YES;
				CLANG_WARN_INT_CONVERSION = YES;
				CLANG_WARN_NON_LITERAL_NULL_CONVERSION = YES;
				CLANG_WARN_OBJC_IMPLICIT_RETAIN_SELF = YES;
				CLANG_WARN_OBJC_LITERAL_CONVERSION = YES;
				CLANG_WARN_OBJC_ROOT_CLASS = YES_ERROR;
				CLANG_WARN_RANGE_LOOP_ANALYSIS = YES;
				CLANG_WARN_STRICT_PROTOTYPES = YES;
				CLANG_WARN_SUSPICIOUS_MOVE = YES;
				CLANG_WARN_UNGUARDED_AVAILABILITY = YES_AGGRESSIVE;
				CLANG_WARN_UNREACHABLE_CODE = YES;
				CLANG_WARN__DUPLICATE_METHOD_MATCH = YES;
				CODE_SIGN_IDENTITY = "iPhone Developer";
				COPY_PHASE_STRIP = NO;
				DEBUG_INFORMATION_FORMAT = "dwarf-with-dsym";
				ENABLE_NS_ASSERTIONS = NO;
				ENABLE_STRICT_OBJC_MSGSEND = YES;
				GCC_C_LANGUAGE_STANDARD = gnu11;
				GCC_NO_COMMON_BLOCKS = YES;
				GCC_WARN_64_TO_32_BIT_CONVERSION = YES;
				GCC_WARN_ABOUT_RETURN_TYPE = YES_ERROR;
				GCC_WARN_UNDECLARED_SELECTOR = YES;
				GCC_WARN_UNINITIALIZED_AUTOS = YES_AGGRESSIVE;
				GCC_WARN_UNUSED_FUNCTION = YES;
				GCC_WARN_UNUSED_VARIABLE = YES;
				IPHONEOS_DEPLOYMENT_TARGET = 12.4;
				MTL_ENABLE_DEBUG_INFO = NO;
				MTL_FAST_MATH = YES;
				SDKROOT = iphoneos;
				SWIFT_COMPILATION_MODE = wholemodule;
				SWIFT_OPTIMIZATION_LEVEL = "-O";
				VALIDATE_PRODUCT = YES;
			};
			name = Release;
		};
		F827B07C2303336700F9AA6A /* Debug */ = {
			isa = XCBuildConfiguration;
			buildSettings = {
				ASSETCATALOG_COMPILER_APPICON_NAME = AppIcon;
				CODE_SIGN_STYLE = Automatic;
				DEVELOPMENT_TEAM = 8J9VUCBX92;
				INFOPLIST_FILE = "Star Wars MVVM demo/Info.plist";
				LD_RUNPATH_SEARCH_PATHS = (
					"$(inherited)",
					"@executable_path/Frameworks",
				);
				PRODUCT_BUNDLE_IDENTIFIER = "com.jonathantmiles.Star-Wars-MVVM-demo";
				PRODUCT_NAME = "$(TARGET_NAME)";
				SWIFT_VERSION = 5.0;
				TARGETED_DEVICE_FAMILY = "1,2";
			};
			name = Debug;
		};
		F827B07D2303336700F9AA6A /* Release */ = {
			isa = XCBuildConfiguration;
			buildSettings = {
				ASSETCATALOG_COMPILER_APPICON_NAME = AppIcon;
				CODE_SIGN_STYLE = Automatic;
				DEVELOPMENT_TEAM = 8J9VUCBX92;
				INFOPLIST_FILE = "Star Wars MVVM demo/Info.plist";
				LD_RUNPATH_SEARCH_PATHS = (
					"$(inherited)",
					"@executable_path/Frameworks",
				);
				PRODUCT_BUNDLE_IDENTIFIER = "com.jonathantmiles.Star-Wars-MVVM-demo";
				PRODUCT_NAME = "$(TARGET_NAME)";
				SWIFT_VERSION = 5.0;
				TARGETED_DEVICE_FAMILY = "1,2";
			};
			name = Release;
		};
/* End XCBuildConfiguration section */

/* Begin XCConfigurationList section */
		F827B0642303336500F9AA6A /* Build configuration list for PBXProject "Star Wars MVVM demo" */ = {
			isa = XCConfigurationList;
			buildConfigurations = (
				F827B0792303336700F9AA6A /* Debug */,
				F827B07A2303336700F9AA6A /* Release */,
			);
			defaultConfigurationIsVisible = 0;
			defaultConfigurationName = Release;
		};
		F827B07B2303336700F9AA6A /* Build configuration list for PBXNativeTarget "Star Wars MVVM demo" */ = {
			isa = XCConfigurationList;
			buildConfigurations = (
				F827B07C2303336700F9AA6A /* Debug */,
				F827B07D2303336700F9AA6A /* Release */,
			);
			defaultConfigurationIsVisible = 0;
			defaultConfigurationName = Release;
		};
/* End XCConfigurationList section */

/* Begin XCVersionGroup section */
		F8040084230769580079ABE6 /* Star Wars MVVM demo.xcdatamodeld */ = {
			isa = XCVersionGroup;
			children = (
				F8040085230769580079ABE6 /* Star Wars MVVM demo.xcdatamodel */,
			);
			currentVersion = F8040085230769580079ABE6 /* Star Wars MVVM demo.xcdatamodel */;
			path = "Star Wars MVVM demo.xcdatamodeld";
			sourceTree = "<group>";
			versionGroupType = wrapper.xcdatamodel;
		};
/* End XCVersionGroup section */
	};
	rootObject = F827B0612303336500F9AA6A /* Project object */;
}
